// !$*UTF8*$!
{
	archiveVersion = 1;
	classes = {
	};
	objectVersion = 48;
	objects = {

/* Begin PBXBuildFile section */
		783DDA2B219C0CB700F97558 /* AppDelegate.swift in Sources */ = {isa = PBXBuildFile; fileRef = 783DDA2A219C0CB700F97558 /* AppDelegate.swift */; };
		783DDA2D219C0CB700F97558 /* ChecklistViewController.swift in Sources */ = {isa = PBXBuildFile; fileRef = 783DDA2C219C0CB700F97558 /* ChecklistViewController.swift */; };
		783DDA30219C0CB700F97558 /* Main.storyboard in Resources */ = {isa = PBXBuildFile; fileRef = 783DDA2E219C0CB700F97558 /* Main.storyboard */; };
		783DDA32219C0CB700F97558 /* Assets.xcassets in Resources */ = {isa = PBXBuildFile; fileRef = 783DDA31219C0CB700F97558 /* Assets.xcassets */; };
		783DDA35219C0CB700F97558 /* LaunchScreen.storyboard in Resources */ = {isa = PBXBuildFile; fileRef = 783DDA33219C0CB700F97558 /* LaunchScreen.storyboard */; };
/* End PBXBuildFile section */

/* Begin PBXFileReference section */
		783DDA27219C0CB700F97558 /* CheckListsXs.app */ = {isa = PBXFileReference; explicitFileType = wrapper.application; includeInIndex = 0; path = CheckListsXs.app; sourceTree = BUILT_PRODUCTS_DIR; };
		783DDA2A219C0CB700F97558 /* AppDelegate.swift */ = {isa = PBXFileReference; lastKnownFileType = sourcecode.swift; path = AppDelegate.swift; sourceTree = "<group>"; };
		783DDA2C219C0CB700F97558 /* ChecklistViewController.swift */ = {isa = PBXFileReference; lastKnownFileType = sourcecode.swift; path = ChecklistViewController.swift; sourceTree = "<group>"; };
		783DDA2F219C0CB700F97558 /* Base */ = {isa = PBXFileReference; lastKnownFileType = file.storyboard; name = Base; path = Base.lproj/Main.storyboard; sourceTree = "<group>"; };
		783DDA31219C0CB700F97558 /* Assets.xcassets */ = {isa = PBXFileReference; lastKnownFileType = folder.assetcatalog; path = Assets.xcassets; sourceTree = "<group>"; };
		783DDA34219C0CB700F97558 /* Base */ = {isa = PBXFileReference; lastKnownFileType = file.storyboard; name = Base; path = Base.lproj/LaunchScreen.storyboard; sourceTree = "<group>"; };
		783DDA36219C0CB700F97558 /* Info.plist */ = {isa = PBXFileReference; lastKnownFileType = text.plist.xml; path = Info.plist; sourceTree = "<group>"; };
/* End PBXFileReference section */

/* Begin PBXFrameworksBuildPhase section */
		783DDA24219C0CB700F97558 /* Frameworks */ = {
			isa = PBXFrameworksBuildPhase;
			buildActionMask = 2147483647;
			files = (
			);
			runOnlyForDeploymentPostprocessing = 0;
		};
/* End PBXFrameworksBuildPhase section */

/* Begin PBXGroup section */
		783DDA1E219C0CB700F97558 = {
			isa = PBXGroup;
			children = (
				783DDA29219C0CB700F97558 /* CheckListsXs */,
				783DDA28219C0CB700F97558 /* Products */,
			);
			sourceTree = "<group>";
		};
		783DDA28219C0CB700F97558 /* Products */ = {
			isa = PBXGroup;
			children = (
				783DDA27219C0CB700F97558 /* CheckListsXs.app */,
			);
			name = Products;
			sourceTree = "<group>";
		};
		783DDA29219C0CB700F97558 /* CheckListsXs */ = {
			isa = PBXGroup;
			children = (
				783DDA2A219C0CB700F97558 /* AppDelegate.swift */,
				783DDA2C219C0CB700F97558 /* ChecklistViewController.swift */,
				783DDA2E219C0CB700F97558 /* Main.storyboard */,
				783DDA31219C0CB700F97558 /* Assets.xcassets */,
				783DDA33219C0CB700F97558 /* LaunchScreen.storyboard */,
				783DDA36219C0CB700F97558 /* Info.plist */,
			);
			path = CheckListsXs;
			sourceTree = "<group>";
		};
/* End PBXGroup section */

/* Begin PBXNativeTarget section */
		783DDA26219C0CB700F97558 /* CheckListsXs */ = {
			isa = PBXNativeTarget;
			buildConfigurationList = 783DDA39219C0CB700F97558 /* Build configuration list for PBXNativeTarget "CheckListsXs" */;
			buildPhases = (
				783DDA23219C0CB700F97558 /* Sources */,
				783DDA24219C0CB700F97558 /* Frameworks */,
				783DDA25219C0CB700F97558 /* Resources */,
			);
			buildRules = (
			);
			dependencies = (
			);
			name = CheckListsXs;
			productName = CheckListsXs;
			productReference = 783DDA27219C0CB700F97558 /* CheckListsXs.app */;
			productType = "com.apple.product-type.application";
		};
/* End PBXNativeTarget section */

/* Begin PBXProject section */
		783DDA1F219C0CB700F97558 /* Project object */ = {
			isa = PBXProject;
			attributes = {
				LastSwiftUpdateCheck = 0920;
				LastUpgradeCheck = 0920;
				ORGANIZATIONNAME = "Takashi Fujita";
				TargetAttributes = {
					783DDA26219C0CB700F97558 = {
						CreatedOnToolsVersion = 9.2;
						ProvisioningStyle = Automatic;
					};
				};
			};
			buildConfigurationList = 783DDA22219C0CB700F97558 /* Build configuration list for PBXProject "CheckListsXs" */;
			compatibilityVersion = "Xcode 8.0";
			developmentRegion = en;
			hasScannedForEncodings = 0;
			knownRegions = (
				en,
				Base,
			);
			mainGroup = 783DDA1E219C0CB700F97558;
			productRefGroup = 783DDA28219C0CB700F97558 /* Products */;
			projectDirPath = "";
			projectRoot = "";
			targets = (
				783DDA26219C0CB700F97558 /* CheckListsXs */,
			);
		};
/* End PBXProject section */

/* Begin PBXResourcesBuildPhase section */
		783DDA25219C0CB700F97558 /* Resources */ = {
			isa = PBXResourcesBuildPhase;
			buildActionMask = 2147483647;
			files = (
				783DDA35219C0CB700F97558 /* LaunchScreen.storyboard in Resources */,
				783DDA32219C0CB700F97558 /* Assets.xcassets in Resources */,
				783DDA30219C0CB700F97558 /* Main.storyboard in Resources */,
			);
			runOnlyForDeploymentPostprocessing = 0;
		};
/* End PBXResourcesBuildPhase section */

/* Begin PBXSourcesBuildPhase section */
		783DDA23219C0CB700F97558 /* Sources */ = {
			isa = PBXSourcesBuildPhase;
			buildActionMask = 2147483647;
			files = (
				783DDA2D219C0CB700F97558 /* ChecklistViewController.swift in Sources */,
				783DDA2B219C0CB700F97558 /* AppDelegate.swift in Sources */,
			);
			runOnlyForDeploymentPostprocessing = 0;
		};
/* End PBXSourcesBuildPhase section */

/* Begin PBXVariantGroup section */
		783DDA2E219C0CB700F97558 /* Main.storyboard */ = {
			isa = PBXVariantGroup;
			children = (
				783DDA2F219C0CB700F97558 /* Base */,
			);
			name = Main.storyboard;
			sourceTree = "<group>";
		};
		783DDA33219C0CB700F97558 /* LaunchScreen.storyboard */ = {
			isa = PBXVariantGroup;
			children = (
				783DDA34219C0CB700F97558 /* Base */,
			);
			name = LaunchScreen.storyboard;
			sourceTree = "<group>";
		};
/* End PBXVariantGroup section */

/* Begin XCBuildConfiguration section */
		783DDA37219C0CB700F97558 /* Debug */ = {
			isa = XCBuildConfiguration;
			buildSettings = {
				ALWAYS_SEARCH_USER_PATHS = NO;
				CLANG_ANALYZER_NONNULL = YES;
				CLANG_ANALYZER_NUMBER_OBJECT_CONVERSION = YES_AGGRESSIVE;
				CLANG_CXX_LANGUAGE_STANDARD = "gnu++14";
				CLANG_CXX_LIBRARY = "libc++";
				CLANG_ENABLE_MODULES = YES;
				CLANG_ENABLE_OBJC_ARC = YES;
				CLANG_WARN_BLOCK_CAPTURE_AUTORELEASING = YES;
				CLANG_WARN_BOOL_CONVERSION = YES;
				CLANG_WARN_COMMA = YES;
				CLANG_WARN_CONSTANT_CONVERSION = YES;
				CLANG_WARN_DIRECT_OBJC_ISA_USAGE = YES_ERROR;
				CLANG_WARN_DOCUMENTATION_COMMENTS = YES;
				CLANG_WARN_EMPTY_BODY = YES;
				CLANG_WARN_ENUM_CONVERSION = YES;
				CLANG_WARN_INFINITE_RECURSION = YES;
				CLANG_WARN_INT_CONVERSION = YES;
				CLANG_WARN_NON_LITERAL_NULL_CONVERSION = YES;
				CLANG_WARN_OBJC_LITERAL_CONVERSION = YES;
				CLANG_WARN_OBJC_ROOT_CLASS = YES_ERROR;
				CLANG_WARN_RANGE_LOOP_ANALYSIS = YES;
				CLANG_WARN_STRICT_PROTOTYPES = YES;
				CLANG_WARN_SUSPICIOUS_MOVE = YES;
				CLANG_WARN_UNGUARDED_AVAILABILITY = YES_AGGRESSIVE;
				CLANG_WARN_UNREACHABLE_CODE = YES;
				CLANG_WARN__DUPLICATE_METHOD_MATCH = YES;
				CODE_SIGN_IDENTITY = "iPhone Developer";
				COPY_PHASE_STRIP = NO;
				DEBUG_INFORMATION_FORMAT = dwarf;
				ENABLE_STRICT_OBJC_MSGSEND = YES;
				ENABLE_TESTABILITY = YES;
				GCC_C_LANGUAGE_STANDARD = gnu11;
				GCC_DYNAMIC_NO_PIC = NO;
				GCC_NO_COMMON_BLOCKS = YES;
				GCC_OPTIMIZATION_LEVEL = 0;
				GCC_PREPROCESSOR_DEFINITIONS = (
					"DEBUG=1",
					"$(inherited)",
				);
				GCC_WARN_64_TO_32_BIT_CONVERSION = YES;
				GCC_WARN_ABOUT_RETURN_TYPE = YES_ERROR;
				GCC_WARN_UNDECLARED_SELECTOR = YES;
				GCC_WARN_UNINITIALIZED_AUTOS = YES_AGGRESSIVE;
				GCC_WARN_UNUSED_FUNCTION = YES;
				GCC_WARN_UNUSED_VARIABLE = YES;
				IPHONEOS_DEPLOYMENT_TARGET = 11.2;
				MTL_ENABLE_DEBUG_INFO = YES;
				ONLY_ACTIVE_ARCH = YES;
				SDKROOT = iphoneos;
				SWIFT_ACTIVE_COMPILATION_CONDITIONS = DEBUG;
				SWIFT_OPTIMIZATION_LEVEL = "-Onone";
			};
			name = Debug;
		};
		783DDA38219C0CB700F97558 /* Release */ = {
			isa = XCBuildConfiguration;
			buildSettings = {
				ALWAYS_SEARCH_USER_PATHS = NO;
				CLANG_ANALYZER_NONNULL = YES;
				CLANG_ANALYZER_NUMBER_OBJECT_CONVERSION = YES_AGGRESSIVE;
				CLANG_CXX_LANGUAGE_STANDARD = "gnu++14";
				CLANG_CXX_LIBRARY = "libc++";
				CLANG_ENABLE_MODULES = YES;
				CLANG_ENABLE_OBJC_ARC = YES;
				CLANG_WARN_BLOCK_CAPTURE_AUTORELEASING = YES;
				CLANG_WARN_BOOL_CONVERSION = YES;
				CLANG_WARN_COMMA = YES;
				CLANG_WARN_CONSTANT_CONVERSION = YES;
				CLANG_WARN_DIRECT_OBJC_ISA_USAGE = YES_ERROR;
				CLANG_WARN_DOCUMENTATION_COMMENTS = YES;
				CLANG_WARN_EMPTY_BODY = YES;
				CLANG_WARN_ENUM_CONVERSION = YES;
				CLANG_WARN_INFINITE_RECURSION = YES;
				CLANG_WARN_INT_CONVERSION = YES;
				CLANG_WARN_NON_LITERAL_NULL_CONVERSION = YES;
				CLANG_WARN_OBJC_LITERAL_CONVERSION = YES;
				CLANG_WARN_OBJC_ROOT_CLASS = YES_ERROR;
				CLANG_WARN_RANGE_LOOP_ANALYSIS = YES;
				CLANG_WARN_STRICT_PROTOTYPES = YES;
				CLANG_WARN_SUSPICIOUS_MOVE = YES;
				CLANG_WARN_UNGUARDED_AVAILABILITY = YES_AGGRESSIVE;
				CLANG_WARN_UNREACHABLE_CODE = YES;
				CLANG_WARN__DUPLICATE_METHOD_MATCH = YES;
				CODE_SIGN_IDENTITY = "iPhone Developer";
				COPY_PHASE_STRIP = NO;
				DEBUG_INFORMATION_FORMAT = "dwarf-with-dsym";
				ENABLE_NS_ASSERTIONS = NO;
				ENABLE_STRICT_OBJC_MSGSEND = YES;
				GCC_C_LANGUAGE_STANDARD = gnu11;
				GCC_NO_COMMON_BLOCKS = YES;
				GCC_WARN_64_TO_32_BIT_CONVERSION = YES;
				GCC_WARN_ABOUT_RETURN_TYPE = YES_ERROR;
				GCC_WARN_UNDECLARED_SELECTOR = YES;
				GCC_WARN_UNINITIALIZED_AUTOS = YES_AGGRESSIVE;
				GCC_WARN_UNUSED_FUNCTION = YES;
				GCC_WARN_UNUSED_VARIABLE = YES;
				IPHONEOS_DEPLOYMENT_TARGET = 11.2;
				MTL_ENABLE_DEBUG_INFO = NO;
				SDKROOT = iphoneos;
				SWIFT_OPTIMIZATION_LEVEL = "-Owholemodule";
				VALIDATE_PRODUCT = YES;
			};
			name = Release;
		};
		783DDA3A219C0CB700F97558 /* Debug */ = {
			isa = XCBuildConfiguration;
			buildSettings = {
				ASSETCATALOG_COMPILER_APPICON_NAME = AppIcon;
				CODE_SIGN_STYLE = Automatic;
				DEVELOPMENT_TEAM = TN76K2K2JJ;
				INFOPLIST_FILE = CheckListsXs/Info.plist;
				LD_RUNPATH_SEARCH_PATHS = "$(inherited) @executable_path/Frameworks";
				PRODUCT_BUNDLE_IDENTIFIER = "takashi-fujita-bg.tepm.jp.CheckListsXs";
				PRODUCT_NAME = "$(TARGET_NAME)";
				SWIFT_VERSION = 4.0;
				TARGETED_DEVICE_FAMILY = "1,2";
			};
			name = Debug;
		};
		783DDA3B219C0CB700F97558 /* Release */ = {
			isa = XCBuildConfiguration;
			buildSettings = {
				ASSETCATALOG_COMPILER_APPICON_NAME = AppIcon;
				CODE_SIGN_STYLE = Automatic;
				DEVELOPMENT_TEAM = TN76K2K2JJ;
				INFOPLIST_FILE = CheckListsXs/Info.plist;
				LD_RUNPATH_SEARCH_PATHS = "$(inherited) @executable_path/Frameworks";
				PRODUCT_BUNDLE_IDENTIFIER = "takashi-fujita-bg.tepm.jp.CheckListsXs";
				PRODUCT_NAME = "$(TARGET_NAME)";
				SWIFT_VERSION = 4.0;
				TARGETED_DEVICE_FAMILY = "1,2";
			};
			name = Release;
		};
/* End XCBuildConfiguration section */

/* Begin XCConfigurationList section */
		783DDA22219C0CB700F97558 /* Build configuration list for PBXProject "CheckListsXs" */ = {
			isa = XCConfigurationList;
			buildConfigurations = (
				783DDA37219C0CB700F97558 /* Debug */,
				783DDA38219C0CB700F97558 /* Release */,
			);
			defaultConfigurationIsVisible = 0;
			defaultConfigurationName = Release;
		};
		783DDA39219C0CB700F97558 /* Build configuration list for PBXNativeTarget "CheckListsXs" */ = {
			isa = XCConfigurationList;
			buildConfigurations = (
				783DDA3A219C0CB700F97558 /* Debug */,
				783DDA3B219C0CB700F97558 /* Release */,
			);
			defaultConfigurationIsVisible = 0;
			defaultConfigurationName = Release;
		};
/* End XCConfigurationList section */
	};
	rootObject = 783DDA1F219C0CB700F97558 /* Project object */;
}
